
Microsoft Visual Studio Solution File, Format Version 12.00
# Visual Studio Version 16
VisualStudioVersion = 16.0.33130.400
MinimumVisualStudioVersion = 10.0.40219.1
Project("{FAE04EC0-301F-11D3-BF4B-00C04F79EFBC}") = "Shortest Word", "Shortest Word.csproj", "{6CBDEB1D-3AF3-434C-9058-E396EA10A3DB}"
EndProject
Global
	GlobalSection(SolutionConfigurationPlatforms) = preSolution
		Debug|Any CPU = Debug|Any CPU
		Release|Any CPU = Release|Any CPU
	EndGlobalSection
	GlobalSection(ProjectConfigurationPlatforms) = postSolution
		{6CBDEB1D-3AF3-434C-9058-E396EA10A3DB}.Debug|Any CPU.ActiveCfg = Debug|Any CPU
		{6CBDEB1D-3AF3-434C-9058-E396EA10A3DB}.Debug|Any CPU.Build.0 = Debug|Any CPU
		{6CBDEB1D-3AF3-434C-9058-E396EA10A3DB}.Release|Any CPU.ActiveCfg = Release|Any CPU
		{6CBDEB1D-3AF3-434C-9058-E396EA10A3DB}.Release|Any CPU.Build.0 = Release|Any CPU
	EndGlobalSection
	GlobalSection(SolutionProperties) = preSolution
		HideSolutionNode = FALSE
	EndGlobalSection
	GlobalSection(ExtensibilityGlobals) = postSolution
		SolutionGuid = {F35163F0-5F1F-4864-B4CB-2A290A113DE7}
	EndGlobalSection
EndGlobal
